{
  "version": 4,
  "terraform_version": "1.8.2",
  "serial": 174,
  "lineage": "9e326066-5ea9-7e55-5b81-27950d94d931",
  "outputs": {},
  "resources": [
    {
      "module": "module.nat.module.nat",
      "mode": "data",
      "type": "aws_ami",
      "name": "main",
      "provider": "provider[\"registry.terraform.io/hashicorp/aws\"]",
      "instances": [
        {
          "index_key": 0,
          "schema_version": 0,
          "attributes": {
            "architecture": "arm64",
            "arn": "arn:aws:ec2:ap-southeast-1::image/ami-0e079c5d5a438021e",
            "block_device_mappings": [
              {
                "device_name": "/dev/xvda",
                "ebs": {
                  "delete_on_termination": "true",
                  "encrypted": "false",
                  "iops": "0",
                  "snapshot_id": "snap-09c8e4b062f5ee2ef",
                  "throughput": "0",
                  "volume_size": "2",
                  "volume_type": "gp2"
                },
                "no_device": "",
                "virtual_name": ""
              }
            ],
            "boot_mode": "uefi",
            "creation_date": "2023-02-09T19:33:36.000Z",
            "deprecation_time": "2025-02-09T19:33:36.000Z",
            "description": "",
            "ena_support": true,
            "executable_users": null,
            "filter": [
              {
                "name": "architecture",
                "values": [
                  "arm64"
                ]
              },
              {
                "name": "name",
                "values": [
                  "fck-nat-amzn2-hvm-*"
                ]
              },
              {
                "name": "root-device-type",
                "values": [
                  "ebs"
                ]
              },
              {
                "name": "virtualization-type",
                "values": [
                  "hvm"
                ]
              }
            ],
            "hypervisor": "xen",
            "id": "ami-0e079c5d5a438021e",
            "image_id": "ami-0e079c5d5a438021e",
            "image_location": "568608671756/fck-nat-amzn2-hvm-1.2.1-20230209-arm64-ebs",
            "image_owner_alias": "",
            "image_type": "machine",
            "imds_support": "",
            "include_deprecated": false,
            "kernel_id": "",
            "most_recent": true,
            "name": "fck-nat-amzn2-hvm-1.2.1-20230209-arm64-ebs",
            "name_regex": null,
            "owner_id": "568608671756",
            "owners": [
              "568608671756"
            ],
            "platform": "",
            "platform_details": "Linux/UNIX",
            "product_codes": [],
            "public": true,
            "ramdisk_id": "",
            "root_device_name": "/dev/xvda",
            "root_device_type": "ebs",
            "root_snapshot_id": "snap-09c8e4b062f5ee2ef",
            "sriov_net_support": "simple",
            "state": "available",
            "state_reason": {
              "code": "UNSET",
              "message": "UNSET"
            },
            "tags": {},
            "timeouts": null,
            "tpm_support": "",
            "usage_operation": "RunInstances",
            "virtualization_type": "hvm"
          },
          "sensitive_attributes": []
        }
      ]
    },
    {
      "module": "module.nat.module.nat",
      "mode": "data",
      "type": "aws_caller_identity",
      "name": "current",
      "provider": "provider[\"registry.terraform.io/hashicorp/aws\"]",
      "instances": [
        {
          "schema_version": 0,
          "attributes": {
            "account_id": "688191758412",
            "arn": "arn:aws:sts::688191758412:assumed-role/AWSReservedSSO_AdministratorAccess_bb14f0575f6ce382/d.mabelin@arcanys.com",
            "id": "688191758412",
            "user_id": "AROA2AO3M4BGMKUBPVQR5:d.mabelin@arcanys.com"
          },
          "sensitive_attributes": []
        }
      ]
    },
    {
      "module": "module.nat.module.nat",
      "mode": "data",
      "type": "aws_iam_policy_document",
      "name": "main",
      "provider": "provider[\"registry.terraform.io/hashicorp/aws\"]",
      "instances": [
        {
          "schema_version": 0,
          "attributes": {
            "id": "4054338685",
            "json": "{\n  \"Version\": \"2012-10-17\",\n  \"Statement\": [\n    {\n      \"Sid\": \"ManageNetworkInterface\",\n      \"Effect\": \"Allow\",\n      \"Action\": [\n        \"ec2:ModifyNetworkInterfaceAttribute\",\n        \"ec2:AttachNetworkInterface\"\n      ],\n      \"Resource\": \"*\",\n      \"Condition\": {\n        \"StringEquals\": {\n          \"ec2:ResourceTag/Name\": \"subnet-0ddd05c864113b841-fck-nat\"\n        }\n      }\n    },\n    {\n      \"Sid\": \"CWAgentSSMParameter\",\n      \"Effect\": \"Allow\",\n      \"Action\": \"ssm:GetParameter\",\n      \"Resource\": \"arn:aws:ssm:ap-southeast-1:688191758412:parameter/subnet-0ddd05c864113b841-fck-nat-cloudwatch-agent-config\"\n    },\n    {\n      \"Sid\": \"CWAgentMetrics\",\n      \"Effect\": \"Allow\",\n      \"Action\": \"cloudwatch:PutMetricData\",\n      \"Resource\": \"*\",\n      \"Condition\": {\n        \"StringEquals\": {\n          \"cloudwatch:namespace\": \"fck-nat\"\n        }\n      }\n    }\n  ]\n}",
            "override_json": null,
            "override_policy_documents": null,
            "policy_id": null,
            "source_json": null,
            "source_policy_documents": null,
            "statement": [
              {
                "actions": [
                  "ec2:AttachNetworkInterface",
                  "ec2:ModifyNetworkInterfaceAttribute"
                ],
                "condition": [
                  {
                    "test": "StringEquals",
                    "values": [
                      "subnet-0ddd05c864113b841-fck-nat"
                    ],
                    "variable": "ec2:ResourceTag/Name"
                  }
                ],
                "effect": "Allow",
                "not_actions": [],
                "not_principals": [],
                "not_resources": [],
                "principals": [],
                "resources": [
                  "*"
                ],
                "sid": "ManageNetworkInterface"
              },
              {
                "actions": [
                  "ssm:GetParameter"
                ],
                "condition": [],
                "effect": "Allow",
                "not_actions": [],
                "not_principals": [],
                "not_resources": [],
                "principals": [],
                "resources": [
                  "arn:aws:ssm:ap-southeast-1:688191758412:parameter/subnet-0ddd05c864113b841-fck-nat-cloudwatch-agent-config"
                ],
                "sid": "CWAgentSSMParameter"
              },
              {
                "actions": [
                  "cloudwatch:PutMetricData"
                ],
                "condition": [
                  {
                    "test": "StringEquals",
                    "values": [
                      "fck-nat"
                    ],
                    "variable": "cloudwatch:namespace"
                  }
                ],
                "effect": "Allow",
                "not_actions": [],
                "not_principals": [],
                "not_resources": [],
                "principals": [],
                "resources": [
                  "*"
                ],
                "sid": "CWAgentMetrics"
              }
            ],
            "version": "2012-10-17"
          },
          "sensitive_attributes": []
        }
      ]
    },
    {
      "module": "module.nat.module.nat",
      "mode": "data",
      "type": "aws_region",
      "name": "current",
      "provider": "provider[\"registry.terraform.io/hashicorp/aws\"]",
      "instances": [
        {
          "schema_version": 0,
          "attributes": {
            "description": "Asia Pacific (Singapore)",
            "endpoint": "ec2.ap-southeast-1.amazonaws.com",
            "id": "ap-southeast-1",
            "name": "ap-southeast-1"
          },
          "sensitive_attributes": []
        }
      ]
    },
    {
      "module": "module.nat.module.nat",
      "mode": "data",
      "type": "aws_vpc",
      "name": "main",
      "provider": "provider[\"registry.terraform.io/hashicorp/aws\"]",
      "instances": [
        {
          "schema_version": 0,
          "attributes": {
            "arn": "arn:aws:ec2:ap-southeast-1:688191758412:vpc/vpc-0542f593e6d6452b1",
            "cidr_block": "10.0.0.0/16",
            "cidr_block_associations": [
              {
                "association_id": "vpc-cidr-assoc-01dca7cffa2bed8aa",
                "cidr_block": "10.0.0.0/16",
                "state": "associated"
              }
            ],
            "default": false,
            "dhcp_options_id": "dopt-25d98c40",
            "enable_dns_hostnames": false,
            "enable_dns_support": true,
            "enable_network_address_usage_metrics": false,
            "filter": null,
            "id": "vpc-0542f593e6d6452b1",
            "instance_tenancy": "default",
            "ipv6_association_id": "",
            "ipv6_cidr_block": "",
            "main_route_table_id": "rtb-08eec23c4aa62ee8e",
            "owner_id": "688191758412",
            "state": null,
            "tags": {},
            "timeouts": null
          },
          "sensitive_attributes": []
        }
      ]
    },
    {
      "module": "module.nat.module.nat",
      "mode": "managed",
      "type": "aws_autoscaling_group",
      "name": "main",
      "provider": "provider[\"registry.terraform.io/hashicorp/aws\"]",
      "instances": [
        {
          "index_key": 0,
          "schema_version": 1,
          "attributes": {
            "arn": "arn:aws:autoscaling:ap-southeast-1:688191758412:autoScalingGroup:2cb4925e-58fa-424c-9aa1-6cc680213ee4:autoScalingGroupName/subnet-0ddd05c864113b841-fck-nat",
            "availability_zones": [
              "ap-southeast-1a"
            ],
            "capacity_rebalance": false,
            "context": "",
            "default_cooldown": 300,
            "default_instance_warmup": 0,
            "desired_capacity": 1,
            "desired_capacity_type": "",
            "enabled_metrics": [],
            "force_delete": false,
            "force_delete_warm_pool": false,
            "health_check_grace_period": 300,
            "health_check_type": "EC2",
            "id": "subnet-0ddd05c864113b841-fck-nat",
            "ignore_failed_scaling_activities": false,
            "initial_lifecycle_hook": [],
            "instance_maintenance_policy": [],
            "instance_refresh": [],
            "launch_configuration": "",
            "launch_template": [
              {
                "id": "lt-08b4e60cb195fc23f",
                "name": "subnet-0ddd05c864113b841-fck-nat",
                "version": "$Latest"
              }
            ],
            "load_balancers": [],
            "max_instance_lifetime": 0,
            "max_size": 1,
            "metrics_granularity": "1Minute",
            "min_elb_capacity": null,
            "min_size": 1,
            "mixed_instances_policy": [],
            "name": "subnet-0ddd05c864113b841-fck-nat",
            "name_prefix": "",
            "placement_group": "",
            "predicted_capacity": 0,
            "protect_from_scale_in": false,
            "service_linked_role_arn": "arn:aws:iam::688191758412:role/aws-service-role/autoscaling.amazonaws.com/AWSServiceRoleForAutoScaling",
            "suspended_processes": [],
            "tag": [
              {
                "key": "Name",
                "propagate_at_launch": true,
                "value": "subnet-0ddd05c864113b841-fck-nat"
              }
            ],
            "target_group_arns": [],
            "termination_policies": [],
            "timeouts": {
              "delete": "15m",
              "update": null
            },
            "traffic_source": [],
            "vpc_zone_identifier": [
              "subnet-0ddd05c864113b841"
            ],
            "wait_for_capacity_timeout": "10m",
            "wait_for_elb_capacity": null,
            "warm_pool": [],
            "warm_pool_size": 0
          },
          "sensitive_attributes": [],
          "private": "eyJlMmJmYjczMC1lY2FhLTExZTYtOGY4OC0zNDM2M2JjN2M0YzAiOnsiZGVsZXRlIjo5MDAwMDAwMDAwMDAsInVwZGF0ZSI6NjAwMDAwMDAwMDAwfSwic2NoZW1hX3ZlcnNpb24iOiIxIn0=",
          "dependencies": [
            "module.nat.module.nat.aws_iam_instance_profile.main",
            "module.nat.module.nat.aws_iam_role.main",
            "module.nat.module.nat.aws_launch_template.main",
            "module.nat.module.nat.aws_network_interface.main",
            "module.nat.module.nat.aws_security_group.main",
            "module.nat.module.nat.aws_ssm_parameter.cloudwatch_agent_config",
            "module.nat.module.nat.data.aws_ami.main",
            "module.nat.module.nat.data.aws_arn.ssm_param",
            "module.nat.module.nat.data.aws_caller_identity.current",
            "module.nat.module.nat.data.aws_iam_policy_document.main",
            "module.nat.module.nat.data.aws_region.current",
            "module.nat.module.nat.data.aws_vpc.main",
            "module.vpc.aws_internet_gateway.gw",
            "module.vpc.aws_route.public_igw",
            "module.vpc.aws_route_table.public",
            "module.vpc.aws_subnet.private",
            "module.vpc.aws_subnet.public",
            "module.vpc.aws_vpc.main",
            "module.vpc.data.aws_availability_zones.available"
          ]
        }
      ]
    },
    {
      "module": "module.nat.module.nat",
      "mode": "managed",
      "type": "aws_iam_instance_profile",
      "name": "main",
      "provider": "provider[\"registry.terraform.io/hashicorp/aws\"]",
      "instances": [
        {
          "schema_version": 0,
          "attributes": {
            "arn": "arn:aws:iam::688191758412:instance-profile/subnet-0ddd05c864113b841-fck-nat",
            "create_date": "2024-04-26T13:31:18Z",
            "id": "subnet-0ddd05c864113b841-fck-nat",
            "name": "subnet-0ddd05c864113b841-fck-nat",
            "name_prefix": "",
            "path": "/",
            "role": "subnet-0ddd05c864113b841-fck-nat",
            "tags": {},
            "tags_all": {},
            "unique_id": "AIPA2AO3M4BGPWK6P2QL6"
          },
          "sensitive_attributes": [],
          "private": "bnVsbA==",
          "dependencies": [
            "module.nat.module.nat.aws_iam_role.main",
            "module.nat.module.nat.aws_ssm_parameter.cloudwatch_agent_config",
            "module.nat.module.nat.data.aws_caller_identity.current",
            "module.nat.module.nat.data.aws_iam_policy_document.main",
            "module.nat.module.nat.data.aws_region.current",
            "module.vpc.aws_internet_gateway.gw",
            "module.vpc.aws_route.public_igw",
            "module.vpc.aws_route_table.public",
            "module.vpc.aws_subnet.private",
            "module.vpc.aws_subnet.public",
            "module.vpc.aws_vpc.main",
            "module.vpc.data.aws_availability_zones.available"
          ]
        }
      ]
    },
    {
      "module": "module.nat.module.nat",
      "mode": "managed",
      "type": "aws_iam_role",
      "name": "main",
      "provider": "provider[\"registry.terraform.io/hashicorp/aws\"]",
      "instances": [
        {
          "schema_version": 0,
          "attributes": {
            "arn": "arn:aws:iam::688191758412:role/subnet-0ddd05c864113b841-fck-nat",
            "assume_role_policy": "{\"Statement\":[{\"Action\":\"sts:AssumeRole\",\"Effect\":\"Allow\",\"Principal\":{\"Service\":\"ec2.amazonaws.com\"},\"Sid\":\"\"}],\"Version\":\"2012-10-17\"}",
            "create_date": "2024-04-26T13:31:17Z",
            "description": "",
            "force_detach_policies": false,
            "id": "subnet-0ddd05c864113b841-fck-nat",
            "inline_policy": [
              {
                "name": "Main",
                "policy": "{\"Version\":\"2012-10-17\",\"Statement\":[{\"Action\":[\"ec2:ModifyNetworkInterfaceAttribute\",\"ec2:AttachNetworkInterface\"],\"Condition\":{\"StringEquals\":{\"ec2:ResourceTag/Name\":\"subnet-0ddd05c864113b841-fck-nat\"}},\"Effect\":\"Allow\",\"Resource\":\"*\",\"Sid\":\"ManageNetworkInterface\"},{\"Action\":\"ssm:GetParameter\",\"Effect\":\"Allow\",\"Resource\":\"arn:aws:ssm:ap-southeast-1:688191758412:parameter/subnet-0ddd05c864113b841-fck-nat-cloudwatch-agent-config\",\"Sid\":\"CWAgentSSMParameter\"},{\"Action\":\"cloudwatch:PutMetricData\",\"Condition\":{\"StringEquals\":{\"cloudwatch:namespace\":\"fck-nat\"}},\"Effect\":\"Allow\",\"Resource\":\"*\",\"Sid\":\"CWAgentMetrics\"}]}"
              }
            ],
            "managed_policy_arns": [],
            "max_session_duration": 3600,
            "name": "subnet-0ddd05c864113b841-fck-nat",
            "name_prefix": "",
            "path": "/",
            "permissions_boundary": "",
            "tags": {},
            "tags_all": {},
            "unique_id": "AROA2AO3M4BGLKG7JDYLB"
          },
          "sensitive_attributes": [],
          "private": "bnVsbA==",
          "dependencies": [
            "module.nat.module.nat.aws_ssm_parameter.cloudwatch_agent_config",
            "module.nat.module.nat.data.aws_caller_identity.current",
            "module.nat.module.nat.data.aws_iam_policy_document.main",
            "module.nat.module.nat.data.aws_region.current",
            "module.vpc.aws_internet_gateway.gw",
            "module.vpc.aws_route.public_igw",
            "module.vpc.aws_route_table.public",
            "module.vpc.aws_subnet.private",
            "module.vpc.aws_subnet.public",
            "module.vpc.aws_vpc.main",
            "module.vpc.data.aws_availability_zones.available"
          ]
        }
      ]
    },
    {
      "module": "module.nat.module.nat",
      "mode": "managed",
      "type": "aws_launch_template",
      "name": "main",
      "provider": "provider[\"registry.terraform.io/hashicorp/aws\"]",
      "instances": [
        {
          "schema_version": 0,
          "attributes": {
            "arn": "arn:aws:ec2:ap-southeast-1:688191758412:launch-template/lt-08b4e60cb195fc23f",
            "block_device_mappings": [
              {
                "device_name": "/dev/xvda",
                "ebs": [
                  {
                    "delete_on_termination": "",
                    "encrypted": "true",
                    "iops": 0,
                    "kms_key_id": "",
                    "snapshot_id": "",
                    "throughput": 0,
                    "volume_size": 2,
                    "volume_type": "gp3"
                  }
                ],
                "no_device": "",
                "virtual_name": ""
              }
            ],
            "capacity_reservation_specification": [],
            "cpu_options": [],
            "credit_specification": [],
            "default_version": 1,
            "description": "",
            "disable_api_stop": false,
            "disable_api_termination": false,
            "ebs_optimized": "",
            "elastic_gpu_specifications": [],
            "elastic_inference_accelerator": [],
            "enclave_options": [],
            "hibernation_options": [],
            "iam_instance_profile": [
              {
                "arn": "",
                "name": "subnet-0ddd05c864113b841-fck-nat"
              }
            ],
            "id": "lt-08b4e60cb195fc23f",
            "image_id": "ami-0e079c5d5a438021e",
            "instance_initiated_shutdown_behavior": "",
            "instance_market_options": [],
            "instance_requirements": [],
            "instance_type": "t4g.nano",
            "kernel_id": "",
            "key_name": "",
            "latest_version": 2,
            "license_specification": [],
            "maintenance_options": [],
            "metadata_options": [],
            "monitoring": [],
            "name": "subnet-0ddd05c864113b841-fck-nat",
            "name_prefix": "",
            "network_interfaces": [
              {
                "associate_carrier_ip_address": "",
                "associate_public_ip_address": "true",
                "delete_on_termination": "",
                "description": "subnet-0ddd05c864113b841-fck-nat ephemeral public ENI",
                "device_index": 0,
                "interface_type": "",
                "ipv4_address_count": 0,
                "ipv4_addresses": [],
                "ipv4_prefix_count": 0,
                "ipv4_prefixes": [],
                "ipv6_address_count": 0,
                "ipv6_addresses": [],
                "ipv6_prefix_count": 0,
                "ipv6_prefixes": [],
                "network_card_index": 0,
                "network_interface_id": "",
                "private_ip_address": "",
                "security_groups": [
                  "sg-009eb8797d6e15a4c"
                ],
                "subnet_id": "subnet-0ddd05c864113b841"
              }
            ],
            "placement": [],
            "private_dns_name_options": [],
            "ram_disk_id": "",
            "security_group_names": [],
            "tag_specifications": [
              {
                "resource_type": "instance",
                "tags": {
                  "Name": "subnet-0ddd05c864113b841-fck-nat"
                }
              },
              {
                "resource_type": "network-interface",
                "tags": {
                  "Name": "subnet-0ddd05c864113b841-fck-nat"
                }
              },
              {
                "resource_type": "volume",
                "tags": {
                  "Name": "subnet-0ddd05c864113b841-fck-nat"
                }
              }
            ],
            "tags": {},
            "tags_all": {},
            "update_default_version": null,
            "user_data": "IyEvYmluL3NoCgo6ID4gL2V0Yy9mY2stbmF0LmNvbmYKZWNobyAiZW5pX2lkPWVuaS0wMGRhMDkzNjQzMjk3ZmRhOCIgPj4gL2V0Yy9mY2stbmF0LmNvbmYKZWNobyAiZWlwX2lkPSIgPj4gL2V0Yy9mY2stbmF0LmNvbmYKZWNobyAiY3dhZ2VudF9lbmFibGVkPXRydWUiID4+IC9ldGMvZmNrLW5hdC5jb25mCmVjaG8gImN3YWdlbnRfY2ZnX3BhcmFtX25hbWU9c3VibmV0LTBkZGQwNWM4NjQxMTNiODQxLWZjay1uYXQtY2xvdWR3YXRjaC1hZ2VudC1jb25maWciID4+IC9ldGMvZmNrLW5hdC5jb25mCgpzZXJ2aWNlIGZjay1uYXQgcmVzdGFydAo=",
            "vpc_security_group_ids": []
          },
          "sensitive_attributes": [],
          "private": "bnVsbA==",
          "dependencies": [
            "module.nat.module.nat.aws_iam_instance_profile.main",
            "module.nat.module.nat.aws_iam_role.main",
            "module.nat.module.nat.aws_network_interface.main",
            "module.nat.module.nat.aws_security_group.main",
            "module.nat.module.nat.aws_ssm_parameter.cloudwatch_agent_config",
            "module.nat.module.nat.data.aws_ami.main",
            "module.nat.module.nat.data.aws_arn.ssm_param",
            "module.nat.module.nat.data.aws_caller_identity.current",
            "module.nat.module.nat.data.aws_iam_policy_document.main",
            "module.nat.module.nat.data.aws_region.current",
            "module.nat.module.nat.data.aws_vpc.main",
            "module.vpc.aws_internet_gateway.gw",
            "module.vpc.aws_route.public_igw",
            "module.vpc.aws_route_table.public",
            "module.vpc.aws_subnet.private",
            "module.vpc.aws_subnet.public",
            "module.vpc.aws_vpc.main",
            "module.vpc.data.aws_availability_zones.available"
          ]
        }
      ]
    },
    {
      "module": "module.nat.module.nat",
      "mode": "managed",
      "type": "aws_network_interface",
      "name": "main",
      "provider": "provider[\"registry.terraform.io/hashicorp/aws\"]",
      "instances": [
        {
          "schema_version": 0,
          "attributes": {
            "arn": "arn:aws:ec2:ap-southeast-1:688191758412:network-interface/eni-00da093643297fda8",
            "attachment": [],
            "description": "subnet-0ddd05c864113b841-fck-nat static private ENI",
            "id": "eni-00da093643297fda8",
            "interface_type": "interface",
            "ipv4_prefix_count": 0,
            "ipv4_prefixes": [],
            "ipv6_address_count": 0,
            "ipv6_address_list": [],
            "ipv6_address_list_enabled": false,
            "ipv6_addresses": [],
            "ipv6_prefix_count": 0,
            "ipv6_prefixes": [],
            "mac_address": "02:7a:21:5d:3a:a1",
            "outpost_arn": "",
            "owner_id": "688191758412",
            "private_dns_name": "",
            "private_ip": "10.0.4.203",
            "private_ip_list": [
              "10.0.4.203"
            ],
            "private_ip_list_enabled": false,
            "private_ips": [
              "10.0.4.203"
            ],
            "private_ips_count": 0,
            "security_groups": [
              "sg-009eb8797d6e15a4c"
            ],
            "source_dest_check": false,
            "subnet_id": "subnet-0ddd05c864113b841",
            "tags": {
              "Name": "subnet-0ddd05c864113b841-fck-nat"
            },
            "tags_all": {
              "Name": "subnet-0ddd05c864113b841-fck-nat"
            }
          },
          "sensitive_attributes": [],
          "private": "bnVsbA==",
          "dependencies": [
            "module.nat.module.nat.aws_security_group.main",
            "module.nat.module.nat.data.aws_vpc.main",
            "module.vpc.aws_internet_gateway.gw",
            "module.vpc.aws_route.public_igw",
            "module.vpc.aws_route_table.public",
            "module.vpc.aws_subnet.private",
            "module.vpc.aws_subnet.public",
            "module.vpc.aws_vpc.main",
            "module.vpc.data.aws_availability_zones.available"
          ]
        }
      ]
    },
    {
      "module": "module.nat.module.nat",
      "mode": "managed",
      "type": "aws_route",
      "name": "main",
      "provider": "provider[\"registry.terraform.io/hashicorp/aws\"]",
      "instances": [
        {
          "index_key": 0,
          "schema_version": 0,
          "attributes": {
            "carrier_gateway_id": "",
            "core_network_arn": "",
            "destination_cidr_block": "0.0.0.0/0",
            "destination_ipv6_cidr_block": "",
            "destination_prefix_list_id": "",
            "egress_only_gateway_id": "",
            "gateway_id": "",
            "id": "r-rtb-08eec23c4aa62ee8e1080289494",
            "instance_id": "",
            "instance_owner_id": "",
            "local_gateway_id": "",
            "nat_gateway_id": "",
            "network_interface_id": "eni-00da093643297fda8",
            "origin": "CreateRoute",
            "route_table_id": "rtb-08eec23c4aa62ee8e",
            "state": "blackhole",
            "timeouts": null,
            "transit_gateway_id": "",
            "vpc_endpoint_id": "",
            "vpc_peering_connection_id": ""
          },
          "sensitive_attributes": [],
          "private": "eyJlMmJmYjczMC1lY2FhLTExZTYtOGY4OC0zNDM2M2JjN2M0YzAiOnsiY3JlYXRlIjozMDAwMDAwMDAwMDAsImRlbGV0ZSI6MzAwMDAwMDAwMDAwLCJ1cGRhdGUiOjEyMDAwMDAwMDAwMH19",
          "dependencies": [
            "module.nat.module.nat.aws_network_interface.main",
            "module.nat.module.nat.aws_security_group.main",
            "module.nat.module.nat.data.aws_vpc.main",
            "module.vpc.aws_internet_gateway.gw",
            "module.vpc.aws_route.public_igw",
            "module.vpc.aws_route_table.public",
            "module.vpc.aws_subnet.private",
            "module.vpc.aws_subnet.public",
            "module.vpc.aws_vpc.main",
            "module.vpc.data.aws_availability_zones.available"
          ]
        }
      ]
    },
    {
      "module": "module.nat.module.nat",
      "mode": "managed",
      "type": "aws_security_group",
      "name": "main",
      "provider": "provider[\"registry.terraform.io/hashicorp/aws\"]",
      "instances": [
        {
          "schema_version": 1,
          "attributes": {
            "arn": "arn:aws:ec2:ap-southeast-1:688191758412:security-group/sg-009eb8797d6e15a4c",
            "description": "Used in subnet-0ddd05c864113b841-fck-nat instance of fck-nat in subnet subnet-0ddd05c864113b841",
            "egress": [
              {
                "cidr_blocks": [
                  "0.0.0.0/0"
                ],
                "description": "Unrestricted egress",
                "from_port": 0,
                "ipv6_cidr_blocks": [
                  "::/0"
                ],
                "prefix_list_ids": [],
                "protocol": "-1",
                "security_groups": [],
                "self": false,
                "to_port": 0
              }
            ],
            "id": "sg-009eb8797d6e15a4c",
            "ingress": [
              {
                "cidr_blocks": [
                  "10.0.0.0/16"
                ],
                "description": "Unrestricted ingress from within VPC",
                "from_port": 0,
                "ipv6_cidr_blocks": [],
                "prefix_list_ids": [],
                "protocol": "-1",
                "security_groups": [],
                "self": false,
                "to_port": 0
              }
            ],
            "name": "subnet-0ddd05c864113b841-fck-nat",
            "name_prefix": "",
            "owner_id": "688191758412",
            "revoke_rules_on_delete": false,
            "tags": {
              "Name": "subnet-0ddd05c864113b841-fck-nat"
            },
            "tags_all": {
              "Name": "subnet-0ddd05c864113b841-fck-nat"
            },
            "timeouts": null,
            "vpc_id": "vpc-0542f593e6d6452b1"
          },
          "sensitive_attributes": [],
          "private": "eyJlMmJmYjczMC1lY2FhLTExZTYtOGY4OC0zNDM2M2JjN2M0YzAiOnsiY3JlYXRlIjo2MDAwMDAwMDAwMDAsImRlbGV0ZSI6OTAwMDAwMDAwMDAwfSwic2NoZW1hX3ZlcnNpb24iOiIxIn0=",
          "dependencies": [
            "module.nat.module.nat.data.aws_vpc.main",
            "module.vpc.aws_internet_gateway.gw",
            "module.vpc.aws_route.public_igw",
            "module.vpc.aws_route_table.public",
            "module.vpc.aws_subnet.private",
            "module.vpc.aws_subnet.public",
            "module.vpc.aws_vpc.main",
            "module.vpc.data.aws_availability_zones.available"
          ]
        }
      ]
    },
    {
      "module": "module.nat.module.nat",
      "mode": "managed",
      "type": "aws_ssm_parameter",
      "name": "cloudwatch_agent_config",
      "provider": "provider[\"registry.terraform.io/hashicorp/aws\"]",
      "instances": [
        {
          "index_key": 0,
          "schema_version": 0,
          "attributes": {
            "allowed_pattern": "",
            "arn": "arn:aws:ssm:ap-southeast-1:688191758412:parameter/subnet-0ddd05c864113b841-fck-nat-cloudwatch-agent-config",
            "data_type": "text",
            "description": "",
            "id": "subnet-0ddd05c864113b841-fck-nat-cloudwatch-agent-config",
            "insecure_value": null,
            "key_id": "",
            "name": "subnet-0ddd05c864113b841-fck-nat-cloudwatch-agent-config",
            "overwrite": null,
            "tags": {},
            "tags_all": {},
            "tier": "Standard",
            "type": "String",
            "value": "{\n  \"agent\": {\n    \"metrics_collection_interval\": 60,\n    \"run_as_user\": \"root\",\n    \"usage_data\": false\n  },\n  \"metrics\": {\n    \"namespace\": \"fck-nat\",\n    \"metrics_collected\": {\n      \"net\": {\n        \"resources\": [\"eth0\", \"eth1\"],\n        \"measurement\": [\n          { \"name\": \"bytes_recv\", \"rename\": \"BytesIn\",  \"unit\": \"Bytes\" },\n          { \"name\": \"bytes_sent\", \"rename\": \"BytesOut\",  \"unit\": \"Bytes\" },\n          { \"name\": \"packets_sent\", \"rename\": \"PacketsOutCount\",  \"unit\": \"Count\" },\n          { \"name\": \"packets_recv\", \"rename\": \"PacketsInCount\",  \"unit\": \"Count\" },\n          { \"name\": \"drop_in\", \"rename\": \"PacketsDropInCount\",  \"unit\": \"Count\" },\n          { \"name\": \"drop_out\", \"rename\": \"PacketsDropOutCount\",  \"unit\": \"Count\" }\n        ]\n      },\n      \"netstat\": {\n        \"measurement\": [\n          { \"name\": \"tcp_syn_sent\", \"rename\": \"ConnectionAttemptOutCount\",  \"unit\": \"Count\" },\n          { \"name\": \"tcp_syn_recv\", \"rename\": \"ConnectionAttemptInCount\",  \"unit\": \"Count\" },\n          { \"name\": \"tcp_established\", \"rename\": \"ConnectionEstablishedCount\",  \"unit\": \"Count\" }\n        ]\n      },\n      \"ethtool\": {\n        \"interface_include\": [\"eth0\", \"eth1\"],\n        \"metrics_include\": [\n          \"bw_in_allowance_exceeded\",\n          \"bw_out_allowance_exceeded\",\n          \"conntrack_allowance_exceeded\",\n          \"pps_allowance_exceeded\"\n        ]\n      },\n      \"mem\": {\n        \"measurement\": [\n          { \"name\": \"used_percent\", \"rename\": \"MemoryUsed\",  \"unit\": \"Percent\" }\n        ]\n      }\n    },\n    \"append_dimensions\": {\n      \"InstanceId\": \"${aws:InstanceId}\"\n    }\n  }\n}",
            "version": 1
          },
          "sensitive_attributes": [
            [
              {
                "type": "get_attr",
                "value": "value"
              }
            ]
          ],
          "private": "bnVsbA==",
          "dependencies": [
            "module.vpc.aws_internet_gateway.gw",
            "module.vpc.aws_route.public_igw",
            "module.vpc.aws_route_table.public",
            "module.vpc.aws_subnet.private",
            "module.vpc.aws_subnet.public",
            "module.vpc.aws_vpc.main",
            "module.vpc.data.aws_availability_zones.available"
          ]
        }
      ]
    },
    {
      "module": "module.vpc",
      "mode": "data",
      "type": "aws_availability_zones",
      "name": "available",
      "provider": "provider[\"registry.terraform.io/hashicorp/aws\"]",
      "instances": [
        {
          "schema_version": 0,
          "attributes": {
            "all_availability_zones": null,
            "exclude_names": null,
            "exclude_zone_ids": null,
            "filter": [
              {
                "name": "opt-in-status",
                "values": [
                  "opt-in-not-required"
                ]
              }
            ],
            "group_names": [
              "ap-southeast-1"
            ],
            "id": "ap-southeast-1",
            "names": [
              "ap-southeast-1a",
              "ap-southeast-1b",
              "ap-southeast-1c"
            ],
            "state": "available",
            "timeouts": null,
            "zone_ids": [
              "apse1-az1",
              "apse1-az2",
              "apse1-az3"
            ]
          },
          "sensitive_attributes": []
        }
      ]
    },
    {
      "module": "module.vpc",
      "mode": "managed",
      "type": "aws_internet_gateway",
      "name": "gw",
      "provider": "provider[\"registry.terraform.io/hashicorp/aws\"]",
      "instances": [
        {
          "schema_version": 0,
          "attributes": {
            "arn": "arn:aws:ec2:ap-southeast-1:688191758412:internet-gateway/igw-033cc69d0da2e0ed3",
            "id": "igw-033cc69d0da2e0ed3",
            "owner_id": "688191758412",
            "tags": {},
            "tags_all": {},
            "timeouts": null,
            "vpc_id": "vpc-0542f593e6d6452b1"
          },
          "sensitive_attributes": [],
          "private": "eyJlMmJmYjczMC1lY2FhLTExZTYtOGY4OC0zNDM2M2JjN2M0YzAiOnsiY3JlYXRlIjoxMjAwMDAwMDAwMDAwLCJkZWxldGUiOjEyMDAwMDAwMDAwMDAsInVwZGF0ZSI6MTIwMDAwMDAwMDAwMH19",
          "dependencies": [
            "module.vpc.aws_vpc.main"
          ]
        }
      ]
    },
    {
      "module": "module.vpc",
      "mode": "managed",
      "type": "aws_route",
      "name": "public_igw",
      "provider": "provider[\"registry.terraform.io/hashicorp/aws\"]",
      "instances": [
        {
          "schema_version": 0,
          "attributes": {
            "carrier_gateway_id": "",
            "core_network_arn": "",
            "destination_cidr_block": "0.0.0.0/0",
            "destination_ipv6_cidr_block": "",
            "destination_prefix_list_id": "",
            "egress_only_gateway_id": "",
            "gateway_id": "igw-033cc69d0da2e0ed3",
            "id": "r-rtb-017e584d8740e1c3d1080289494",
            "instance_id": "",
            "instance_owner_id": "",
            "local_gateway_id": "",
            "nat_gateway_id": "",
            "network_interface_id": "",
            "origin": "CreateRoute",
            "route_table_id": "rtb-017e584d8740e1c3d",
            "state": "active",
            "timeouts": null,
            "transit_gateway_id": "",
            "vpc_endpoint_id": "",
            "vpc_peering_connection_id": ""
          },
          "sensitive_attributes": [],
          "private": "eyJlMmJmYjczMC1lY2FhLTExZTYtOGY4OC0zNDM2M2JjN2M0YzAiOnsiY3JlYXRlIjozMDAwMDAwMDAwMDAsImRlbGV0ZSI6MzAwMDAwMDAwMDAwLCJ1cGRhdGUiOjEyMDAwMDAwMDAwMH19",
          "dependencies": [
            "module.vpc.aws_internet_gateway.gw",
            "module.vpc.aws_route_table.public",
            "module.vpc.aws_vpc.main"
          ]
        }
      ]
    },
    {
      "module": "module.vpc",
      "mode": "managed",
      "type": "aws_route_table",
      "name": "public",
      "provider": "provider[\"registry.terraform.io/hashicorp/aws\"]",
      "instances": [
        {
          "schema_version": 0,
          "attributes": {
            "arn": "arn:aws:ec2:ap-southeast-1:688191758412:route-table/rtb-017e584d8740e1c3d",
            "id": "rtb-017e584d8740e1c3d",
            "owner_id": "688191758412",
            "propagating_vgws": [],
            "route": [
              {
                "carrier_gateway_id": "",
                "cidr_block": "0.0.0.0/0",
                "core_network_arn": "",
                "destination_prefix_list_id": "",
                "egress_only_gateway_id": "",
                "gateway_id": "igw-033cc69d0da2e0ed3",
                "ipv6_cidr_block": "",
                "local_gateway_id": "",
                "nat_gateway_id": "",
                "network_interface_id": "",
                "transit_gateway_id": "",
                "vpc_endpoint_id": "",
                "vpc_peering_connection_id": ""
              }
            ],
            "tags": {
              "Name": "Public"
            },
            "tags_all": {
              "Name": "Public"
            },
            "timeouts": null,
            "vpc_id": "vpc-0542f593e6d6452b1"
          },
          "sensitive_attributes": [],
          "private": "eyJlMmJmYjczMC1lY2FhLTExZTYtOGY4OC0zNDM2M2JjN2M0YzAiOnsiY3JlYXRlIjozMDAwMDAwMDAwMDAsImRlbGV0ZSI6MzAwMDAwMDAwMDAwLCJ1cGRhdGUiOjEyMDAwMDAwMDAwMH19",
          "dependencies": [
            "module.vpc.aws_vpc.main"
          ]
        }
      ]
    },
    {
      "module": "module.vpc",
      "mode": "managed",
      "type": "aws_subnet",
      "name": "private",
      "provider": "provider[\"registry.terraform.io/hashicorp/aws\"]",
      "instances": [
        {
          "index_key": 0,
          "schema_version": 1,
          "attributes": {
            "arn": "arn:aws:ec2:ap-southeast-1:688191758412:subnet/subnet-0ddd05c864113b841",
            "assign_ipv6_address_on_creation": false,
            "availability_zone": "ap-southeast-1a",
            "availability_zone_id": "apse1-az1",
            "cidr_block": "10.0.4.0/24",
            "customer_owned_ipv4_pool": "",
            "enable_dns64": false,
            "enable_lni_at_device_index": 0,
            "enable_resource_name_dns_a_record_on_launch": false,
            "enable_resource_name_dns_aaaa_record_on_launch": false,
            "id": "subnet-0ddd05c864113b841",
            "ipv6_cidr_block": "",
            "ipv6_cidr_block_association_id": "",
            "ipv6_native": false,
            "map_customer_owned_ip_on_launch": false,
            "map_public_ip_on_launch": false,
            "outpost_arn": "",
            "owner_id": "688191758412",
            "private_dns_hostname_type_on_launch": "ip-name",
            "tags": {
              "Name": "Private ap-southeast-1a"
            },
            "tags_all": {
              "Name": "Private ap-southeast-1a"
            },
            "timeouts": null,
            "vpc_id": "vpc-0542f593e6d6452b1"
          },
          "sensitive_attributes": [],
          "private": "eyJlMmJmYjczMC1lY2FhLTExZTYtOGY4OC0zNDM2M2JjN2M0YzAiOnsiY3JlYXRlIjo2MDAwMDAwMDAwMDAsImRlbGV0ZSI6MTIwMDAwMDAwMDAwMH0sInNjaGVtYV92ZXJzaW9uIjoiMSJ9",
          "dependencies": [
            "module.vpc.aws_vpc.main",
            "module.vpc.data.aws_availability_zones.available"
          ]
        },
        {
          "index_key": 1,
          "schema_version": 1,
          "attributes": {
            "arn": "arn:aws:ec2:ap-southeast-1:688191758412:subnet/subnet-0cfcfa87eb1e94602",
            "assign_ipv6_address_on_creation": false,
            "availability_zone": "ap-southeast-1b",
            "availability_zone_id": "apse1-az2",
            "cidr_block": "10.0.5.0/24",
            "customer_owned_ipv4_pool": "",
            "enable_dns64": false,
            "enable_lni_at_device_index": 0,
            "enable_resource_name_dns_a_record_on_launch": false,
            "enable_resource_name_dns_aaaa_record_on_launch": false,
            "id": "subnet-0cfcfa87eb1e94602",
            "ipv6_cidr_block": "",
            "ipv6_cidr_block_association_id": "",
            "ipv6_native": false,
            "map_customer_owned_ip_on_launch": false,
            "map_public_ip_on_launch": false,
            "outpost_arn": "",
            "owner_id": "688191758412",
            "private_dns_hostname_type_on_launch": "ip-name",
            "tags": {
              "Name": "Private ap-southeast-1b"
            },
            "tags_all": {
              "Name": "Private ap-southeast-1b"
            },
            "timeouts": null,
            "vpc_id": "vpc-0542f593e6d6452b1"
          },
          "sensitive_attributes": [],
          "private": "eyJlMmJmYjczMC1lY2FhLTExZTYtOGY4OC0zNDM2M2JjN2M0YzAiOnsiY3JlYXRlIjo2MDAwMDAwMDAwMDAsImRlbGV0ZSI6MTIwMDAwMDAwMDAwMH0sInNjaGVtYV92ZXJzaW9uIjoiMSJ9",
          "dependencies": [
            "module.vpc.aws_vpc.main",
            "module.vpc.data.aws_availability_zones.available"
          ]
        },
        {
          "index_key": 2,
          "schema_version": 1,
          "attributes": {
            "arn": "arn:aws:ec2:ap-southeast-1:688191758412:subnet/subnet-00c22c0a11eb198be",
            "assign_ipv6_address_on_creation": false,
            "availability_zone": "ap-southeast-1c",
            "availability_zone_id": "apse1-az3",
            "cidr_block": "10.0.6.0/24",
            "customer_owned_ipv4_pool": "",
            "enable_dns64": false,
            "enable_lni_at_device_index": 0,
            "enable_resource_name_dns_a_record_on_launch": false,
            "enable_resource_name_dns_aaaa_record_on_launch": false,
            "id": "subnet-00c22c0a11eb198be",
            "ipv6_cidr_block": "",
            "ipv6_cidr_block_association_id": "",
            "ipv6_native": false,
            "map_customer_owned_ip_on_launch": false,
            "map_public_ip_on_launch": false,
            "outpost_arn": "",
            "owner_id": "688191758412",
            "private_dns_hostname_type_on_launch": "ip-name",
            "tags": {
              "Name": "Private ap-southeast-1c"
            },
            "tags_all": {
              "Name": "Private ap-southeast-1c"
            },
            "timeouts": null,
            "vpc_id": "vpc-0542f593e6d6452b1"
          },
          "sensitive_attributes": [],
          "private": "eyJlMmJmYjczMC1lY2FhLTExZTYtOGY4OC0zNDM2M2JjN2M0YzAiOnsiY3JlYXRlIjo2MDAwMDAwMDAwMDAsImRlbGV0ZSI6MTIwMDAwMDAwMDAwMH0sInNjaGVtYV92ZXJzaW9uIjoiMSJ9",
          "dependencies": [
            "module.vpc.aws_vpc.main",
            "module.vpc.data.aws_availability_zones.available"
          ]
        }
      ]
    },
    {
      "module": "module.vpc",
      "mode": "managed",
      "type": "aws_subnet",
      "name": "public",
      "provider": "provider[\"registry.terraform.io/hashicorp/aws\"]",
      "instances": [
        {
          "index_key": 0,
          "schema_version": 1,
          "attributes": {
            "arn": "arn:aws:ec2:ap-southeast-1:688191758412:subnet/subnet-05971ba2a693a0e11",
            "assign_ipv6_address_on_creation": false,
            "availability_zone": "ap-southeast-1a",
            "availability_zone_id": "apse1-az1",
            "cidr_block": "10.0.1.0/24",
            "customer_owned_ipv4_pool": "",
            "enable_dns64": false,
            "enable_lni_at_device_index": 0,
            "enable_resource_name_dns_a_record_on_launch": false,
            "enable_resource_name_dns_aaaa_record_on_launch": false,
            "id": "subnet-05971ba2a693a0e11",
            "ipv6_cidr_block": "",
            "ipv6_cidr_block_association_id": "",
            "ipv6_native": false,
            "map_customer_owned_ip_on_launch": false,
            "map_public_ip_on_launch": false,
            "outpost_arn": "",
            "owner_id": "688191758412",
            "private_dns_hostname_type_on_launch": "ip-name",
            "tags": {
              "Name": "Public ap-southeast-1a"
            },
            "tags_all": {
              "Name": "Public ap-southeast-1a"
            },
            "timeouts": null,
            "vpc_id": "vpc-0542f593e6d6452b1"
          },
          "sensitive_attributes": [],
          "private": "eyJlMmJmYjczMC1lY2FhLTExZTYtOGY4OC0zNDM2M2JjN2M0YzAiOnsiY3JlYXRlIjo2MDAwMDAwMDAwMDAsImRlbGV0ZSI6MTIwMDAwMDAwMDAwMH0sInNjaGVtYV92ZXJzaW9uIjoiMSJ9",
          "dependencies": [
            "module.vpc.aws_vpc.main",
            "module.vpc.data.aws_availability_zones.available"
          ]
        },
        {
          "index_key": 1,
          "schema_version": 1,
          "attributes": {
            "arn": "arn:aws:ec2:ap-southeast-1:688191758412:subnet/subnet-05617e303170c7fac",
            "assign_ipv6_address_on_creation": false,
            "availability_zone": "ap-southeast-1b",
            "availability_zone_id": "apse1-az2",
            "cidr_block": "10.0.2.0/24",
            "customer_owned_ipv4_pool": "",
            "enable_dns64": false,
            "enable_lni_at_device_index": 0,
            "enable_resource_name_dns_a_record_on_launch": false,
            "enable_resource_name_dns_aaaa_record_on_launch": false,
            "id": "subnet-05617e303170c7fac",
            "ipv6_cidr_block": "",
            "ipv6_cidr_block_association_id": "",
            "ipv6_native": false,
            "map_customer_owned_ip_on_launch": false,
            "map_public_ip_on_launch": false,
            "outpost_arn": "",
            "owner_id": "688191758412",
            "private_dns_hostname_type_on_launch": "ip-name",
            "tags": {
              "Name": "Public ap-southeast-1b"
            },
            "tags_all": {
              "Name": "Public ap-southeast-1b"
            },
            "timeouts": null,
            "vpc_id": "vpc-0542f593e6d6452b1"
          },
          "sensitive_attributes": [],
          "private": "eyJlMmJmYjczMC1lY2FhLTExZTYtOGY4OC0zNDM2M2JjN2M0YzAiOnsiY3JlYXRlIjo2MDAwMDAwMDAwMDAsImRlbGV0ZSI6MTIwMDAwMDAwMDAwMH0sInNjaGVtYV92ZXJzaW9uIjoiMSJ9",
          "dependencies": [
            "module.vpc.aws_vpc.main",
            "module.vpc.data.aws_availability_zones.available"
          ]
        },
        {
          "index_key": 2,
          "schema_version": 1,
          "attributes": {
            "arn": "arn:aws:ec2:ap-southeast-1:688191758412:subnet/subnet-0421d0d326ddd7087",
            "assign_ipv6_address_on_creation": false,
            "availability_zone": "ap-southeast-1c",
            "availability_zone_id": "apse1-az3",
            "cidr_block": "10.0.3.0/24",
            "customer_owned_ipv4_pool": "",
            "enable_dns64": false,
            "enable_lni_at_device_index": 0,
            "enable_resource_name_dns_a_record_on_launch": false,
            "enable_resource_name_dns_aaaa_record_on_launch": false,
            "id": "subnet-0421d0d326ddd7087",
            "ipv6_cidr_block": "",
            "ipv6_cidr_block_association_id": "",
            "ipv6_native": false,
            "map_customer_owned_ip_on_launch": false,
            "map_public_ip_on_launch": false,
            "outpost_arn": "",
            "owner_id": "688191758412",
            "private_dns_hostname_type_on_launch": "ip-name",
            "tags": {
              "Name": "Public ap-southeast-1c"
            },
            "tags_all": {
              "Name": "Public ap-southeast-1c"
            },
            "timeouts": null,
            "vpc_id": "vpc-0542f593e6d6452b1"
          },
          "sensitive_attributes": [],
          "private": "eyJlMmJmYjczMC1lY2FhLTExZTYtOGY4OC0zNDM2M2JjN2M0YzAiOnsiY3JlYXRlIjo2MDAwMDAwMDAwMDAsImRlbGV0ZSI6MTIwMDAwMDAwMDAwMH0sInNjaGVtYV92ZXJzaW9uIjoiMSJ9",
          "dependencies": [
            "module.vpc.aws_vpc.main",
            "module.vpc.data.aws_availability_zones.available"
          ]
        }
      ]
    },
    {
      "module": "module.vpc",
      "mode": "managed",
      "type": "aws_vpc",
      "name": "main",
      "provider": "provider[\"registry.terraform.io/hashicorp/aws\"]",
      "instances": [
        {
          "schema_version": 1,
          "attributes": {
            "arn": "arn:aws:ec2:ap-southeast-1:688191758412:vpc/vpc-0542f593e6d6452b1",
            "assign_generated_ipv6_cidr_block": false,
            "cidr_block": "10.0.0.0/16",
            "default_network_acl_id": "acl-00588d39a0ec473cc",
            "default_route_table_id": "rtb-08eec23c4aa62ee8e",
            "default_security_group_id": "sg-0a5420693212498aa",
            "dhcp_options_id": "dopt-25d98c40",
            "enable_dns_hostnames": false,
            "enable_dns_support": true,
            "enable_network_address_usage_metrics": false,
            "id": "vpc-0542f593e6d6452b1",
            "instance_tenancy": "default",
            "ipv4_ipam_pool_id": null,
            "ipv4_netmask_length": null,
            "ipv6_association_id": "",
            "ipv6_cidr_block": "",
            "ipv6_cidr_block_network_border_group": "",
            "ipv6_ipam_pool_id": "",
            "ipv6_netmask_length": 0,
            "main_route_table_id": "rtb-08eec23c4aa62ee8e",
            "owner_id": "688191758412",
            "tags": {},
            "tags_all": {}
          },
          "sensitive_attributes": [],
          "private": "eyJzY2hlbWFfdmVyc2lvbiI6IjEifQ=="
        }
      ]
    }
  ],
  "check_results": null
}
